
Microsoft Visual Studio Solution File, Format Version 12.00
Project("{FAE04EC0-301F-11D3-BF4B-00C04F79EFBC}") = "WebApp", "WebApp\WebApp.csproj", "{950D9422-9E5C-4613-87E7-6DEC7A69E8AE}"
	ProjectSection(ProjectDependencies) = postProject
		{5651A2FA-2EAD-4378-9E54-22DE60EEB7C2} = {5651A2FA-2EAD-4378-9E54-22DE60EEB7C2}
		{CE697A40-78C4-4FA0-8D1B-E5A21F14ABF7} = {CE697A40-78C4-4FA0-8D1B-E5A21F14ABF7}
	EndProjectSection
EndProject
Project("{2150E333-8FDC-42A3-9474-1A3956D46DE8}") = "App", "App", "{C61E23B8-055F-4E83-9B1B-2B58BB678522}"
EndProject
Project("{2150E333-8FDC-42A3-9474-1A3956D46DE8}") = "0_Solution_items", "0_Solution_items", "{6F9772B8-5C22-474B-A07C-100004CF228A}"
	ProjectSection(SolutionItems) = preProject
		Directory.Build.Props = Directory.Build.Props
		docker-compose.yml = docker-compose.yml
		Dockerfile = Dockerfile
		.dockerignore = .dockerignore
		README.md = README.md
	EndProjectSection
EndProject
Project("{2150E333-8FDC-42A3-9474-1A3956D46DE8}") = "Base", "Base", "{E9EC5490-9CE2-43AC-8357-FDE44D8AF4F7}"
EndProject
Project("{FAE04EC0-301F-11D3-BF4B-00C04F79EFBC}") = "Base.Domain", "Base.Domain\Base.Domain.csproj", "{34277158-C901-4F19-A239-CCCFD5BE51E5}"
	ProjectSection(ProjectDependencies) = postProject
		{03978AB1-AB1E-4215-878B-61AD28B5CC78} = {03978AB1-AB1E-4215-878B-61AD28B5CC78}
	EndProjectSection
EndProject
Project("{FAE04EC0-301F-11D3-BF4B-00C04F79EFBC}") = "Base.Contracts.Domain", "Base.Contracts.Domain\Base.Contracts.Domain.csproj", "{03978AB1-AB1E-4215-878B-61AD28B5CC78}"
EndProject
Project("{FAE04EC0-301F-11D3-BF4B-00C04F79EFBC}") = "Helpers", "Helpers\Helpers.csproj", "{5651A2FA-2EAD-4378-9E54-22DE60EEB7C2}"
EndProject
Project("{FAE04EC0-301F-11D3-BF4B-00C04F79EFBC}") = "Base.DAL.EF", "Base.DAL.EF\Base.DAL.EF.csproj", "{60D230E8-8411-4483-A689-6F3D6A832296}"
EndProject
Project("{FAE04EC0-301F-11D3-BF4B-00C04F79EFBC}") = "Base.Contracts.DAL", "Base.Contracts.DAL\Base.Contracts.DAL.csproj", "{9F18CDED-1AF8-4F31-B0BA-04D5A2BCB80A}"
	ProjectSection(ProjectDependencies) = postProject
		{03978AB1-AB1E-4215-878B-61AD28B5CC78} = {03978AB1-AB1E-4215-878B-61AD28B5CC78}
	EndProjectSection
EndProject
Project("{FAE04EC0-301F-11D3-BF4B-00C04F79EFBC}") = "Base.Contracts.BLL", "Base.Contracts.BLL\Base.Contracts.BLL.csproj", "{C4C170A2-FCA9-4FF7-87F8-BCFB4AD49C47}"
EndProject
Project("{FAE04EC0-301F-11D3-BF4B-00C04F79EFBC}") = "Base.BLL", "Base.BLL\Base.BLL.csproj", "{D4D52117-6D8C-4794-A6BE-24990987181C}"
EndProject
Project("{FAE04EC0-301F-11D3-BF4B-00C04F79EFBC}") = "App.DTO", "App.DTO\App.DTO.csproj", "{EBEB429A-E483-4D8B-B93B-AF1CD426F91D}"
EndProject
Project("{FAE04EC0-301F-11D3-BF4B-00C04F79EFBC}") = "App.Domain", "App.Domain\App.Domain.csproj", "{9B59448A-E0CF-48B0-82B8-0497E7FE08BF}"
EndProject
Project("{FAE04EC0-301F-11D3-BF4B-00C04F79EFBC}") = "App.DAL.EF", "App.DAL.EF\App.DAL.EF.csproj", "{69E19124-8ED8-47BF-9357-354A5F84939C}"
EndProject
Project("{FAE04EC0-301F-11D3-BF4B-00C04F79EFBC}") = "App.DAL.DTO", "App.DAL.DTO\App.DAL.DTO.csproj", "{14A2BEDC-EE3D-4D1F-ABF9-887C2C9BBAD8}"
EndProject
Project("{FAE04EC0-301F-11D3-BF4B-00C04F79EFBC}") = "App.Contracts.DAL", "App.Contracts.DAL\App.Contracts.DAL.csproj", "{6FEC4B6B-C812-41DC-B1FD-C804188FF988}"
EndProject
Project("{FAE04EC0-301F-11D3-BF4B-00C04F79EFBC}") = "App.Contracts.BLL", "App.Contracts.BLL\App.Contracts.BLL.csproj", "{A9C4B57C-6136-4A9D-94B9-97ABC43A97B9}"
EndProject
Project("{FAE04EC0-301F-11D3-BF4B-00C04F79EFBC}") = "App.BLL.DTO", "App.BLL.DTO\App.BLL.DTO.csproj", "{C36673A2-5103-4E11-A6B2-4FE5E276A357}"
EndProject
Project("{FAE04EC0-301F-11D3-BF4B-00C04F79EFBC}") = "App.BLL", "App.BLL\App.BLL.csproj", "{C8C83A2A-553B-4C1E-964E-55416B8BEA27}"
EndProject
Project("{FAE04EC0-301F-11D3-BF4B-00C04F79EFBC}") = "App.Dataseed", "App.Dataseed\App.Dataseed.csproj", "{CE697A40-78C4-4FA0-8D1B-E5A21F14ABF7}"
EndProject
Global
	GlobalSection(SolutionConfigurationPlatforms) = preSolution
		Debug|Any CPU = Debug|Any CPU
		Release|Any CPU = Release|Any CPU
	EndGlobalSection
	GlobalSection(ProjectConfigurationPlatforms) = postSolution
		{950D9422-9E5C-4613-87E7-6DEC7A69E8AE}.Debug|Any CPU.ActiveCfg = Debug|Any CPU
		{950D9422-9E5C-4613-87E7-6DEC7A69E8AE}.Debug|Any CPU.Build.0 = Debug|Any CPU
		{950D9422-9E5C-4613-87E7-6DEC7A69E8AE}.Release|Any CPU.ActiveCfg = Release|Any CPU
		{950D9422-9E5C-4613-87E7-6DEC7A69E8AE}.Release|Any CPU.Build.0 = Release|Any CPU
		{34277158-C901-4F19-A239-CCCFD5BE51E5}.Debug|Any CPU.ActiveCfg = Debug|Any CPU
		{34277158-C901-4F19-A239-CCCFD5BE51E5}.Debug|Any CPU.Build.0 = Debug|Any CPU
		{34277158-C901-4F19-A239-CCCFD5BE51E5}.Release|Any CPU.ActiveCfg = Release|Any CPU
		{34277158-C901-4F19-A239-CCCFD5BE51E5}.Release|Any CPU.Build.0 = Release|Any CPU
		{03978AB1-AB1E-4215-878B-61AD28B5CC78}.Debug|Any CPU.ActiveCfg = Debug|Any CPU
		{03978AB1-AB1E-4215-878B-61AD28B5CC78}.Debug|Any CPU.Build.0 = Debug|Any CPU
		{03978AB1-AB1E-4215-878B-61AD28B5CC78}.Release|Any CPU.ActiveCfg = Release|Any CPU
		{03978AB1-AB1E-4215-878B-61AD28B5CC78}.Release|Any CPU.Build.0 = Release|Any CPU
		{5651A2FA-2EAD-4378-9E54-22DE60EEB7C2}.Debug|Any CPU.ActiveCfg = Debug|Any CPU
		{5651A2FA-2EAD-4378-9E54-22DE60EEB7C2}.Debug|Any CPU.Build.0 = Debug|Any CPU
		{5651A2FA-2EAD-4378-9E54-22DE60EEB7C2}.Release|Any CPU.ActiveCfg = Release|Any CPU
		{5651A2FA-2EAD-4378-9E54-22DE60EEB7C2}.Release|Any CPU.Build.0 = Release|Any CPU
		{60D230E8-8411-4483-A689-6F3D6A832296}.Debug|Any CPU.ActiveCfg = Debug|Any CPU
		{60D230E8-8411-4483-A689-6F3D6A832296}.Debug|Any CPU.Build.0 = Debug|Any CPU
		{60D230E8-8411-4483-A689-6F3D6A832296}.Release|Any CPU.ActiveCfg = Release|Any CPU
		{60D230E8-8411-4483-A689-6F3D6A832296}.Release|Any CPU.Build.0 = Release|Any CPU
		{9F18CDED-1AF8-4F31-B0BA-04D5A2BCB80A}.Debug|Any CPU.ActiveCfg = Debug|Any CPU
		{9F18CDED-1AF8-4F31-B0BA-04D5A2BCB80A}.Debug|Any CPU.Build.0 = Debug|Any CPU
		{9F18CDED-1AF8-4F31-B0BA-04D5A2BCB80A}.Release|Any CPU.ActiveCfg = Release|Any CPU
		{9F18CDED-1AF8-4F31-B0BA-04D5A2BCB80A}.Release|Any CPU.Build.0 = Release|Any CPU
		{C4C170A2-FCA9-4FF7-87F8-BCFB4AD49C47}.Debug|Any CPU.ActiveCfg = Debug|Any CPU
		{C4C170A2-FCA9-4FF7-87F8-BCFB4AD49C47}.Debug|Any CPU.Build.0 = Debug|Any CPU
		{C4C170A2-FCA9-4FF7-87F8-BCFB4AD49C47}.Release|Any CPU.ActiveCfg = Release|Any CPU
		{C4C170A2-FCA9-4FF7-87F8-BCFB4AD49C47}.Release|Any CPU.Build.0 = Release|Any CPU
		{D4D52117-6D8C-4794-A6BE-24990987181C}.Debug|Any CPU.ActiveCfg = Debug|Any CPU
		{D4D52117-6D8C-4794-A6BE-24990987181C}.Debug|Any CPU.Build.0 = Debug|Any CPU
		{D4D52117-6D8C-4794-A6BE-24990987181C}.Release|Any CPU.ActiveCfg = Release|Any CPU
		{D4D52117-6D8C-4794-A6BE-24990987181C}.Release|Any CPU.Build.0 = Release|Any CPU
		{EBEB429A-E483-4D8B-B93B-AF1CD426F91D}.Debug|Any CPU.ActiveCfg = Debug|Any CPU
		{EBEB429A-E483-4D8B-B93B-AF1CD426F91D}.Debug|Any CPU.Build.0 = Debug|Any CPU
		{EBEB429A-E483-4D8B-B93B-AF1CD426F91D}.Release|Any CPU.ActiveCfg = Release|Any CPU
		{EBEB429A-E483-4D8B-B93B-AF1CD426F91D}.Release|Any CPU.Build.0 = Release|Any CPU
		{9B59448A-E0CF-48B0-82B8-0497E7FE08BF}.Debug|Any CPU.ActiveCfg = Debug|Any CPU
		{9B59448A-E0CF-48B0-82B8-0497E7FE08BF}.Debug|Any CPU.Build.0 = Debug|Any CPU
		{9B59448A-E0CF-48B0-82B8-0497E7FE08BF}.Release|Any CPU.ActiveCfg = Release|Any CPU
		{9B59448A-E0CF-48B0-82B8-0497E7FE08BF}.Release|Any CPU.Build.0 = Release|Any CPU
		{69E19124-8ED8-47BF-9357-354A5F84939C}.Debug|Any CPU.ActiveCfg = Debug|Any CPU
		{69E19124-8ED8-47BF-9357-354A5F84939C}.Debug|Any CPU.Build.0 = Debug|Any CPU
		{69E19124-8ED8-47BF-9357-354A5F84939C}.Release|Any CPU.ActiveCfg = Release|Any CPU
		{69E19124-8ED8-47BF-9357-354A5F84939C}.Release|Any CPU.Build.0 = Release|Any CPU
		{14A2BEDC-EE3D-4D1F-ABF9-887C2C9BBAD8}.Debug|Any CPU.ActiveCfg = Debug|Any CPU
		{14A2BEDC-EE3D-4D1F-ABF9-887C2C9BBAD8}.Debug|Any CPU.Build.0 = Debug|Any CPU
		{14A2BEDC-EE3D-4D1F-ABF9-887C2C9BBAD8}.Release|Any CPU.ActiveCfg = Release|Any CPU
		{14A2BEDC-EE3D-4D1F-ABF9-887C2C9BBAD8}.Release|Any CPU.Build.0 = Release|Any CPU
		{6FEC4B6B-C812-41DC-B1FD-C804188FF988}.Debug|Any CPU.ActiveCfg = Debug|Any CPU
		{6FEC4B6B-C812-41DC-B1FD-C804188FF988}.Debug|Any CPU.Build.0 = Debug|Any CPU
		{6FEC4B6B-C812-41DC-B1FD-C804188FF988}.Release|Any CPU.ActiveCfg = Release|Any CPU
		{6FEC4B6B-C812-41DC-B1FD-C804188FF988}.Release|Any CPU.Build.0 = Release|Any CPU
		{A9C4B57C-6136-4A9D-94B9-97ABC43A97B9}.Debug|Any CPU.ActiveCfg = Debug|Any CPU
		{A9C4B57C-6136-4A9D-94B9-97ABC43A97B9}.Debug|Any CPU.Build.0 = Debug|Any CPU
		{A9C4B57C-6136-4A9D-94B9-97ABC43A97B9}.Release|Any CPU.ActiveCfg = Release|Any CPU
		{A9C4B57C-6136-4A9D-94B9-97ABC43A97B9}.Release|Any CPU.Build.0 = Release|Any CPU
		{C36673A2-5103-4E11-A6B2-4FE5E276A357}.Debug|Any CPU.ActiveCfg = Debug|Any CPU
		{C36673A2-5103-4E11-A6B2-4FE5E276A357}.Debug|Any CPU.Build.0 = Debug|Any CPU
		{C36673A2-5103-4E11-A6B2-4FE5E276A357}.Release|Any CPU.ActiveCfg = Release|Any CPU
		{C36673A2-5103-4E11-A6B2-4FE5E276A357}.Release|Any CPU.Build.0 = Release|Any CPU
		{C8C83A2A-553B-4C1E-964E-55416B8BEA27}.Debug|Any CPU.ActiveCfg = Debug|Any CPU
		{C8C83A2A-553B-4C1E-964E-55416B8BEA27}.Debug|Any CPU.Build.0 = Debug|Any CPU
		{C8C83A2A-553B-4C1E-964E-55416B8BEA27}.Release|Any CPU.ActiveCfg = Release|Any CPU
		{C8C83A2A-553B-4C1E-964E-55416B8BEA27}.Release|Any CPU.Build.0 = Release|Any CPU
		{CE697A40-78C4-4FA0-8D1B-E5A21F14ABF7}.Debug|Any CPU.ActiveCfg = Debug|Any CPU
		{CE697A40-78C4-4FA0-8D1B-E5A21F14ABF7}.Debug|Any CPU.Build.0 = Debug|Any CPU
		{CE697A40-78C4-4FA0-8D1B-E5A21F14ABF7}.Release|Any CPU.ActiveCfg = Release|Any CPU
		{CE697A40-78C4-4FA0-8D1B-E5A21F14ABF7}.Release|Any CPU.Build.0 = Release|Any CPU
	EndGlobalSection
	GlobalSection(NestedProjects) = preSolution
		{34277158-C901-4F19-A239-CCCFD5BE51E5} = {E9EC5490-9CE2-43AC-8357-FDE44D8AF4F7}
		{03978AB1-AB1E-4215-878B-61AD28B5CC78} = {E9EC5490-9CE2-43AC-8357-FDE44D8AF4F7}
		{5651A2FA-2EAD-4378-9E54-22DE60EEB7C2} = {E9EC5490-9CE2-43AC-8357-FDE44D8AF4F7}
		{950D9422-9E5C-4613-87E7-6DEC7A69E8AE} = {C61E23B8-055F-4E83-9B1B-2B58BB678522}
		{60D230E8-8411-4483-A689-6F3D6A832296} = {E9EC5490-9CE2-43AC-8357-FDE44D8AF4F7}
		{9F18CDED-1AF8-4F31-B0BA-04D5A2BCB80A} = {E9EC5490-9CE2-43AC-8357-FDE44D8AF4F7}
		{C4C170A2-FCA9-4FF7-87F8-BCFB4AD49C47} = {E9EC5490-9CE2-43AC-8357-FDE44D8AF4F7}
		{D4D52117-6D8C-4794-A6BE-24990987181C} = {E9EC5490-9CE2-43AC-8357-FDE44D8AF4F7}
		{EBEB429A-E483-4D8B-B93B-AF1CD426F91D} = {C61E23B8-055F-4E83-9B1B-2B58BB678522}
		{9B59448A-E0CF-48B0-82B8-0497E7FE08BF} = {C61E23B8-055F-4E83-9B1B-2B58BB678522}
		{69E19124-8ED8-47BF-9357-354A5F84939C} = {C61E23B8-055F-4E83-9B1B-2B58BB678522}
		{14A2BEDC-EE3D-4D1F-ABF9-887C2C9BBAD8} = {C61E23B8-055F-4E83-9B1B-2B58BB678522}
		{6FEC4B6B-C812-41DC-B1FD-C804188FF988} = {C61E23B8-055F-4E83-9B1B-2B58BB678522}
		{A9C4B57C-6136-4A9D-94B9-97ABC43A97B9} = {C61E23B8-055F-4E83-9B1B-2B58BB678522}
		{C36673A2-5103-4E11-A6B2-4FE5E276A357} = {C61E23B8-055F-4E83-9B1B-2B58BB678522}
		{C8C83A2A-553B-4C1E-964E-55416B8BEA27} = {C61E23B8-055F-4E83-9B1B-2B58BB678522}
		{CE697A40-78C4-4FA0-8D1B-E5A21F14ABF7} = {C61E23B8-055F-4E83-9B1B-2B58BB678522}
	EndGlobalSection
EndGlobal
